
Microsoft Visual Studio Solution File, Format Version 12.00
# Visual Studio Version 17
VisualStudioVersion = 17.5.002.0
MinimumVisualStudioVersion = 10.0.40219.1
Project("{9A19103F-16F7-4668-BE54-9A1E7A4F7556}") = "postiful", "postiful\postiful.csproj", "{97834761-5D9E-4A76-A3F7-20C49027AC63}"
EndProject
Global
	GlobalSection(SolutionConfigurationPlatforms) = preSolution
		Debug|Any CPU = Debug|Any CPU
		Release|Any CPU = Release|Any CPU
	EndGlobalSection
	GlobalSection(ProjectConfigurationPlatforms) = postSolution
		{97834761-5D9E-4A76-A3F7-20C49027AC63}.Debug|Any CPU.ActiveCfg = Debug|Any CPU
		{97834761-5D9E-4A76-A3F7-20C49027AC63}.Debug|Any CPU.Build.0 = Debug|Any CPU
		{97834761-5D9E-4A76-A3F7-20C49027AC63}.Release|Any CPU.ActiveCfg = Release|Any CPU
		{97834761-5D9E-4A76-A3F7-20C49027AC63}.Release|Any CPU.Build.0 = Release|Any CPU
	EndGlobalSection
	GlobalSection(SolutionProperties) = preSolution
		HideSolutionNode = FALSE
	EndGlobalSection
	GlobalSection(ExtensibilityGlobals) = postSolution
		SolutionGuid = {B6C64574-D47F-45A5-8F2C-2D1263AE4316}
	EndGlobalSection
EndGlobal
